
Microsoft Visual Studio Solution File, Format Version 12.00
# Visual Studio 14
VisualStudioVersion = 14.0.25420.1
MinimumVisualStudioVersion = 10.0.40219.1
Project("{FAE04EC0-301F-11D3-BF4B-00C04F79EFBC}") = "RestUp", "RestUp\RestUp.csproj", "{2036B1F7-B95D-44AF-9885-7C65D1785D77}"
EndProject
Project("{FAE04EC0-301F-11D3-BF4B-00C04F79EFBC}") = "RestUp.Tests", "RestUp.Tests\RestUp.Tests.csproj", "{282CE1E7-9DF8-46C6-BA19-A6260C398221}"
EndProject
Project("{FAE04EC0-301F-11D3-BF4B-00C04F79EFBC}") = "DataEntities", "DataEntities\DataEntities.csproj", "{D9E65C38-3659-4505-8A00-61A1FFC3CCA8}"
EndProject
Project("{FAE04EC0-301F-11D3-BF4B-00C04F79EFBC}") = "BusinessEntities", "BusinessEntities\BusinessEntities.csproj", "{B6480228-4BA7-4F9B-8BD0-51E7E839FDA0}"
EndProject
Project("{FAE04EC0-301F-11D3-BF4B-00C04F79EFBC}") = "BusinessServices", "BusinessServices\BusinessServices.csproj", "{71F504F0-9073-4204-8F30-6371D9A6D451}"
EndProject
Global
	GlobalSection(SolutionConfigurationPlatforms) = preSolution
		Debug|Any CPU = Debug|Any CPU
		Release|Any CPU = Release|Any CPU
	EndGlobalSection
	GlobalSection(ProjectConfigurationPlatforms) = postSolution
		{2036B1F7-B95D-44AF-9885-7C65D1785D77}.Debug|Any CPU.ActiveCfg = Debug|Any CPU
		{2036B1F7-B95D-44AF-9885-7C65D1785D77}.Debug|Any CPU.Build.0 = Debug|Any CPU
		{2036B1F7-B95D-44AF-9885-7C65D1785D77}.Release|Any CPU.ActiveCfg = Release|Any CPU
		{2036B1F7-B95D-44AF-9885-7C65D1785D77}.Release|Any CPU.Build.0 = Release|Any CPU
		{282CE1E7-9DF8-46C6-BA19-A6260C398221}.Debug|Any CPU.ActiveCfg = Debug|Any CPU
		{282CE1E7-9DF8-46C6-BA19-A6260C398221}.Debug|Any CPU.Build.0 = Debug|Any CPU
		{282CE1E7-9DF8-46C6-BA19-A6260C398221}.Release|Any CPU.ActiveCfg = Release|Any CPU
		{282CE1E7-9DF8-46C6-BA19-A6260C398221}.Release|Any CPU.Build.0 = Release|Any CPU
		{D9E65C38-3659-4505-8A00-61A1FFC3CCA8}.Debug|Any CPU.ActiveCfg = Debug|Any CPU
		{D9E65C38-3659-4505-8A00-61A1FFC3CCA8}.Debug|Any CPU.Build.0 = Debug|Any CPU
		{D9E65C38-3659-4505-8A00-61A1FFC3CCA8}.Release|Any CPU.ActiveCfg = Release|Any CPU
		{D9E65C38-3659-4505-8A00-61A1FFC3CCA8}.Release|Any CPU.Build.0 = Release|Any CPU
		{B6480228-4BA7-4F9B-8BD0-51E7E839FDA0}.Debug|Any CPU.ActiveCfg = Debug|Any CPU
		{B6480228-4BA7-4F9B-8BD0-51E7E839FDA0}.Debug|Any CPU.Build.0 = Debug|Any CPU
		{B6480228-4BA7-4F9B-8BD0-51E7E839FDA0}.Release|Any CPU.ActiveCfg = Release|Any CPU
		{B6480228-4BA7-4F9B-8BD0-51E7E839FDA0}.Release|Any CPU.Build.0 = Release|Any CPU
		{71F504F0-9073-4204-8F30-6371D9A6D451}.Debug|Any CPU.ActiveCfg = Debug|Any CPU
		{71F504F0-9073-4204-8F30-6371D9A6D451}.Debug|Any CPU.Build.0 = Debug|Any CPU
		{71F504F0-9073-4204-8F30-6371D9A6D451}.Release|Any CPU.ActiveCfg = Release|Any CPU
		{71F504F0-9073-4204-8F30-6371D9A6D451}.Release|Any CPU.Build.0 = Release|Any CPU
	EndGlobalSection
	GlobalSection(SolutionProperties) = preSolution
		HideSolutionNode = FALSE
	EndGlobalSection
EndGlobal
